
Microsoft Visual Studio Solution File, Format Version 12.00
# Visual Studio Version 17
VisualStudioVersion = 17.8.34322.80
MinimumVisualStudioVersion = 10.0.40219.1
Project("{FAE04EC0-301F-11D3-BF4B-00C04F79EFBC}") = "AuthSystem", "AuthSystem\AuthSystem.csproj", "{ABC71C56-54EA-4EAD-B3CE-68EA685C9B4B}"
EndProject
Global
	GlobalSection(SolutionConfigurationPlatforms) = preSolution
		Debug|Any CPU = Debug|Any CPU
		Release|Any CPU = Release|Any CPU
	EndGlobalSection
	GlobalSection(ProjectConfigurationPlatforms) = postSolution
		{ABC71C56-54EA-4EAD-B3CE-68EA685C9B4B}.Debug|Any CPU.ActiveCfg = Debug|Any CPU
		{ABC71C56-54EA-4EAD-B3CE-68EA685C9B4B}.Debug|Any CPU.Build.0 = Debug|Any CPU
		{ABC71C56-54EA-4EAD-B3CE-68EA685C9B4B}.Release|Any CPU.ActiveCfg = Release|Any CPU
		{ABC71C56-54EA-4EAD-B3CE-68EA685C9B4B}.Release|Any CPU.Build.0 = Release|Any CPU
	EndGlobalSection
	GlobalSection(SolutionProperties) = preSolution
		HideSolutionNode = FALSE
	EndGlobalSection
	GlobalSection(ExtensibilityGlobals) = postSolution
		SolutionGuid = {81045289-EB2F-4CEC-8969-70E055349B61}
	EndGlobalSection
EndGlobal
